
Microsoft Visual Studio Solution File, Format Version 12.00
# Visual Studio Version 17
VisualStudioVersion = 17.3.32922.545
MinimumVisualStudioVersion = 10.0.40219.1
Project("{FAE04EC0-301F-11D3-BF4B-00C04F79EFBC}") = "NetCore_TraversalApp", "NetCore_TraversalApp\NetCore_TraversalApp.csproj", "{6418DA9B-0318-4D4D-B0ED-F79449707BF6}"
EndProject
Project("{FAE04EC0-301F-11D3-BF4B-00C04F79EFBC}") = "EntityLayer", "EntityLayer\EntityLayer.csproj", "{99972C8C-C239-4474-8921-DCA23A3F895E}"
EndProject
Project("{FAE04EC0-301F-11D3-BF4B-00C04F79EFBC}") = "DataAccessLayer", "DataAccessLayer\DataAccessLayer.csproj", "{96CF6C42-6643-4BEC-8A53-16F95AF17056}"
EndProject
Project("{FAE04EC0-301F-11D3-BF4B-00C04F79EFBC}") = "BusinessLayer", "BusinessLayer\BusinessLayer.csproj", "{59E6874A-F66F-4419-A07E-9FCD7ACF667B}"
EndProject
Global
	GlobalSection(SolutionConfigurationPlatforms) = preSolution
		Debug|Any CPU = Debug|Any CPU
		Release|Any CPU = Release|Any CPU
	EndGlobalSection
	GlobalSection(ProjectConfigurationPlatforms) = postSolution
		{6418DA9B-0318-4D4D-B0ED-F79449707BF6}.Debug|Any CPU.ActiveCfg = Debug|Any CPU
		{6418DA9B-0318-4D4D-B0ED-F79449707BF6}.Debug|Any CPU.Build.0 = Debug|Any CPU
		{6418DA9B-0318-4D4D-B0ED-F79449707BF6}.Release|Any CPU.ActiveCfg = Release|Any CPU
		{6418DA9B-0318-4D4D-B0ED-F79449707BF6}.Release|Any CPU.Build.0 = Release|Any CPU
		{99972C8C-C239-4474-8921-DCA23A3F895E}.Debug|Any CPU.ActiveCfg = Debug|Any CPU
		{99972C8C-C239-4474-8921-DCA23A3F895E}.Debug|Any CPU.Build.0 = Debug|Any CPU
		{99972C8C-C239-4474-8921-DCA23A3F895E}.Release|Any CPU.ActiveCfg = Release|Any CPU
		{99972C8C-C239-4474-8921-DCA23A3F895E}.Release|Any CPU.Build.0 = Release|Any CPU
		{96CF6C42-6643-4BEC-8A53-16F95AF17056}.Debug|Any CPU.ActiveCfg = Debug|Any CPU
		{96CF6C42-6643-4BEC-8A53-16F95AF17056}.Debug|Any CPU.Build.0 = Debug|Any CPU
		{96CF6C42-6643-4BEC-8A53-16F95AF17056}.Release|Any CPU.ActiveCfg = Release|Any CPU
		{96CF6C42-6643-4BEC-8A53-16F95AF17056}.Release|Any CPU.Build.0 = Release|Any CPU
		{59E6874A-F66F-4419-A07E-9FCD7ACF667B}.Debug|Any CPU.ActiveCfg = Debug|Any CPU
		{59E6874A-F66F-4419-A07E-9FCD7ACF667B}.Debug|Any CPU.Build.0 = Debug|Any CPU
		{59E6874A-F66F-4419-A07E-9FCD7ACF667B}.Release|Any CPU.ActiveCfg = Release|Any CPU
		{59E6874A-F66F-4419-A07E-9FCD7ACF667B}.Release|Any CPU.Build.0 = Release|Any CPU
	EndGlobalSection
	GlobalSection(SolutionProperties) = preSolution
		HideSolutionNode = FALSE
	EndGlobalSection
	GlobalSection(ExtensibilityGlobals) = postSolution
		SolutionGuid = {623D379B-45CA-4214-95DA-440B8C15186D}
	EndGlobalSection
EndGlobal
