
Microsoft Visual Studio Solution File, Format Version 12.00
# Visual Studio Version 17
VisualStudioVersion = 17.3.32922.545
MinimumVisualStudioVersion = 10.0.40219.1
Project("{9A19103F-16F7-4668-BE54-9A1E7A4F7556}") = "NetCore_TraversalApp", "NetCore_TraversalApp\NetCore_TraversalApp.csproj", "{6418DA9B-0318-4D4D-B0ED-F79449707BF6}"
EndProject
Project("{9A19103F-16F7-4668-BE54-9A1E7A4F7556}") = "EntityLayer", "EntityLayer\EntityLayer.csproj", "{99972C8C-C239-4474-8921-DCA23A3F895E}"
EndProject
Project("{9A19103F-16F7-4668-BE54-9A1E7A4F7556}") = "DataAccessLayer", "DataAccessLayer\DataAccessLayer.csproj", "{96CF6C42-6643-4BEC-8A53-16F95AF17056}"
EndProject
Project("{9A19103F-16F7-4668-BE54-9A1E7A4F7556}") = "BusinessLayer", "BusinessLayer\BusinessLayer.csproj", "{59E6874A-F66F-4419-A07E-9FCD7ACF667B}"
EndProject
Project("{9A19103F-16F7-4668-BE54-9A1E7A4F7556}") = "DTOLayer", "DTOLayer\DTOLayer.csproj", "{0BA43EBC-3615-4D7F-B960-5631A36F2842}"
EndProject
Project("{2150E333-8FDC-42A3-9474-1A3956D46DE8}") = "API", "API", "{E398F800-DABF-477F-9B16-0D0CD41F0CC0}"
EndProject
Project("{FAE04EC0-301F-11D3-BF4B-00C04F79EFBC}") = "WEBAPI", "API\WEBAPI\WEBAPI.csproj", "{DF2EB957-8B3E-4855-9285-3C7E2212E323}"
EndProject
Global
	GlobalSection(SolutionConfigurationPlatforms) = preSolution
		Debug|Any CPU = Debug|Any CPU
		Release|Any CPU = Release|Any CPU
	EndGlobalSection
	GlobalSection(ProjectConfigurationPlatforms) = postSolution
		{6418DA9B-0318-4D4D-B0ED-F79449707BF6}.Debug|Any CPU.ActiveCfg = Debug|Any CPU
		{6418DA9B-0318-4D4D-B0ED-F79449707BF6}.Debug|Any CPU.Build.0 = Debug|Any CPU
		{6418DA9B-0318-4D4D-B0ED-F79449707BF6}.Release|Any CPU.ActiveCfg = Release|Any CPU
		{6418DA9B-0318-4D4D-B0ED-F79449707BF6}.Release|Any CPU.Build.0 = Release|Any CPU
		{99972C8C-C239-4474-8921-DCA23A3F895E}.Debug|Any CPU.ActiveCfg = Debug|Any CPU
		{99972C8C-C239-4474-8921-DCA23A3F895E}.Debug|Any CPU.Build.0 = Debug|Any CPU
		{99972C8C-C239-4474-8921-DCA23A3F895E}.Release|Any CPU.ActiveCfg = Release|Any CPU
		{99972C8C-C239-4474-8921-DCA23A3F895E}.Release|Any CPU.Build.0 = Release|Any CPU
		{96CF6C42-6643-4BEC-8A53-16F95AF17056}.Debug|Any CPU.ActiveCfg = Debug|Any CPU
		{96CF6C42-6643-4BEC-8A53-16F95AF17056}.Debug|Any CPU.Build.0 = Debug|Any CPU
		{96CF6C42-6643-4BEC-8A53-16F95AF17056}.Release|Any CPU.ActiveCfg = Release|Any CPU
		{96CF6C42-6643-4BEC-8A53-16F95AF17056}.Release|Any CPU.Build.0 = Release|Any CPU
		{59E6874A-F66F-4419-A07E-9FCD7ACF667B}.Debug|Any CPU.ActiveCfg = Debug|Any CPU
		{59E6874A-F66F-4419-A07E-9FCD7ACF667B}.Debug|Any CPU.Build.0 = Debug|Any CPU
		{59E6874A-F66F-4419-A07E-9FCD7ACF667B}.Release|Any CPU.ActiveCfg = Release|Any CPU
		{59E6874A-F66F-4419-A07E-9FCD7ACF667B}.Release|Any CPU.Build.0 = Release|Any CPU
		{0BA43EBC-3615-4D7F-B960-5631A36F2842}.Debug|Any CPU.ActiveCfg = Debug|Any CPU
		{0BA43EBC-3615-4D7F-B960-5631A36F2842}.Debug|Any CPU.Build.0 = Debug|Any CPU
		{0BA43EBC-3615-4D7F-B960-5631A36F2842}.Release|Any CPU.ActiveCfg = Release|Any CPU
		{0BA43EBC-3615-4D7F-B960-5631A36F2842}.Release|Any CPU.Build.0 = Release|Any CPU
		{DF2EB957-8B3E-4855-9285-3C7E2212E323}.Debug|Any CPU.ActiveCfg = Debug|Any CPU
		{DF2EB957-8B3E-4855-9285-3C7E2212E323}.Debug|Any CPU.Build.0 = Debug|Any CPU
		{DF2EB957-8B3E-4855-9285-3C7E2212E323}.Release|Any CPU.ActiveCfg = Release|Any CPU
		{DF2EB957-8B3E-4855-9285-3C7E2212E323}.Release|Any CPU.Build.0 = Release|Any CPU
	EndGlobalSection
	GlobalSection(SolutionProperties) = preSolution
		HideSolutionNode = FALSE
	EndGlobalSection
	GlobalSection(NestedProjects) = preSolution
		{DF2EB957-8B3E-4855-9285-3C7E2212E323} = {E398F800-DABF-477F-9B16-0D0CD41F0CC0}
	EndGlobalSection
	GlobalSection(ExtensibilityGlobals) = postSolution
		SolutionGuid = {623D379B-45CA-4214-95DA-440B8C15186D}
	EndGlobalSection
EndGlobal
